
Microsoft Visual Studio Solution File, Format Version 12.00
# Visual Studio Version 16
VisualStudioVersion = 16.0.31702.278
MinimumVisualStudioVersion = 10.0.40219.1
Project("{FAE04EC0-301F-11D3-BF4B-00C04F79EFBC}") = "GoodMuud.UWP", "GoodMuud\GoodMuud.UWP\GoodMuud.UWP.csproj", "{7B0EA99D-3FB7-4160-88B4-4258ED5B2326}"
EndProject
Project("{FAE04EC0-301F-11D3-BF4B-00C04F79EFBC}") = "GoodMuud.Android", "GoodMuud\GoodMuud.Android\GoodMuud.Android.csproj", "{956B1B2F-98F4-44E5-8797-A39B40D64EA4}"
EndProject
Project("{FAE04EC0-301F-11D3-BF4B-00C04F79EFBC}") = "GoodMuud.iOS", "GoodMuud\GoodMuud.iOS\GoodMuud.iOS.csproj", "{1E0DB49E-E295-4332-8886-F6BB27458309}"
EndProject
Project("{9A19103F-16F7-4668-BE54-9A1E7A4F7556}") = "GoodMuud", "GoodMuud\GoodMuud\GoodMuud.csproj", "{5C55A4C5-4687-4F6A-8B5B-A1C006598A97}"
EndProject
Project("{2150E333-8FDC-42A3-9474-1A3956D46DE8}") = "Solution Items", "Solution Items", "{D993B797-A01A-4E7F-9310-DE567CF7919E}"
	ProjectSection(SolutionItems) = preProject
		DesignSpecification.md = DesignSpecification.md
		FunctionalSpecification.md = FunctionalSpecification.md
		Internal milestones.md = Internal milestones.md
	EndProjectSection
EndProject
Global
	GlobalSection(SolutionConfigurationPlatforms) = preSolution
		Debug|Any CPU = Debug|Any CPU
		Debug|ARM = Debug|ARM
		Debug|iPhone = Debug|iPhone
		Debug|iPhoneSimulator = Debug|iPhoneSimulator
		Debug|x64 = Debug|x64
		Debug|x86 = Debug|x86
		Release|Any CPU = Release|Any CPU
		Release|ARM = Release|ARM
		Release|iPhone = Release|iPhone
		Release|iPhoneSimulator = Release|iPhoneSimulator
		Release|x64 = Release|x64
		Release|x86 = Release|x86
	EndGlobalSection
	GlobalSection(ProjectConfigurationPlatforms) = postSolution
		{7B0EA99D-3FB7-4160-88B4-4258ED5B2326}.Debug|Any CPU.ActiveCfg = Debug|x86
		{7B0EA99D-3FB7-4160-88B4-4258ED5B2326}.Debug|Any CPU.Build.0 = Debug|x86
		{7B0EA99D-3FB7-4160-88B4-4258ED5B2326}.Debug|Any CPU.Deploy.0 = Debug|x86
		{7B0EA99D-3FB7-4160-88B4-4258ED5B2326}.Debug|ARM.ActiveCfg = Debug|ARM
		{7B0EA99D-3FB7-4160-88B4-4258ED5B2326}.Debug|ARM.Build.0 = Debug|ARM
		{7B0EA99D-3FB7-4160-88B4-4258ED5B2326}.Debug|ARM.Deploy.0 = Debug|ARM
		{7B0EA99D-3FB7-4160-88B4-4258ED5B2326}.Debug|iPhone.ActiveCfg = Debug|x86
		{7B0EA99D-3FB7-4160-88B4-4258ED5B2326}.Debug|iPhone.Build.0 = Debug|x86
		{7B0EA99D-3FB7-4160-88B4-4258ED5B2326}.Debug|iPhone.Deploy.0 = Debug|x86
		{7B0EA99D-3FB7-4160-88B4-4258ED5B2326}.Debug|iPhoneSimulator.ActiveCfg = Debug|x86
		{7B0EA99D-3FB7-4160-88B4-4258ED5B2326}.Debug|iPhoneSimulator.Build.0 = Debug|x86
		{7B0EA99D-3FB7-4160-88B4-4258ED5B2326}.Debug|iPhoneSimulator.Deploy.0 = Debug|x86
		{7B0EA99D-3FB7-4160-88B4-4258ED5B2326}.Debug|x64.ActiveCfg = Debug|x64
		{7B0EA99D-3FB7-4160-88B4-4258ED5B2326}.Debug|x64.Build.0 = Debug|x64
		{7B0EA99D-3FB7-4160-88B4-4258ED5B2326}.Debug|x64.Deploy.0 = Debug|x64
		{7B0EA99D-3FB7-4160-88B4-4258ED5B2326}.Debug|x86.ActiveCfg = Debug|x86
		{7B0EA99D-3FB7-4160-88B4-4258ED5B2326}.Debug|x86.Build.0 = Debug|x86
		{7B0EA99D-3FB7-4160-88B4-4258ED5B2326}.Debug|x86.Deploy.0 = Debug|x86
		{7B0EA99D-3FB7-4160-88B4-4258ED5B2326}.Release|Any CPU.ActiveCfg = Release|x86
		{7B0EA99D-3FB7-4160-88B4-4258ED5B2326}.Release|Any CPU.Build.0 = Release|x86
		{7B0EA99D-3FB7-4160-88B4-4258ED5B2326}.Release|Any CPU.Deploy.0 = Release|x86
		{7B0EA99D-3FB7-4160-88B4-4258ED5B2326}.Release|ARM.ActiveCfg = Release|ARM
		{7B0EA99D-3FB7-4160-88B4-4258ED5B2326}.Release|ARM.Build.0 = Release|ARM
		{7B0EA99D-3FB7-4160-88B4-4258ED5B2326}.Release|ARM.Deploy.0 = Release|ARM
		{7B0EA99D-3FB7-4160-88B4-4258ED5B2326}.Release|iPhone.ActiveCfg = Release|x86
		{7B0EA99D-3FB7-4160-88B4-4258ED5B2326}.Release|iPhone.Build.0 = Release|x86
		{7B0EA99D-3FB7-4160-88B4-4258ED5B2326}.Release|iPhone.Deploy.0 = Release|x86
		{7B0EA99D-3FB7-4160-88B4-4258ED5B2326}.Release|iPhoneSimulator.ActiveCfg = Release|x86
		{7B0EA99D-3FB7-4160-88B4-4258ED5B2326}.Release|iPhoneSimulator.Build.0 = Release|x86
		{7B0EA99D-3FB7-4160-88B4-4258ED5B2326}.Release|iPhoneSimulator.Deploy.0 = Release|x86
		{7B0EA99D-3FB7-4160-88B4-4258ED5B2326}.Release|x64.ActiveCfg = Release|x64
		{7B0EA99D-3FB7-4160-88B4-4258ED5B2326}.Release|x64.Build.0 = Release|x64
		{7B0EA99D-3FB7-4160-88B4-4258ED5B2326}.Release|x64.Deploy.0 = Release|x64
		{7B0EA99D-3FB7-4160-88B4-4258ED5B2326}.Release|x86.ActiveCfg = Release|x86
		{7B0EA99D-3FB7-4160-88B4-4258ED5B2326}.Release|x86.Build.0 = Release|x86
		{7B0EA99D-3FB7-4160-88B4-4258ED5B2326}.Release|x86.Deploy.0 = Release|x86
		{956B1B2F-98F4-44E5-8797-A39B40D64EA4}.Debug|Any CPU.ActiveCfg = Debug|Any CPU
		{956B1B2F-98F4-44E5-8797-A39B40D64EA4}.Debug|Any CPU.Build.0 = Debug|Any CPU
		{956B1B2F-98F4-44E5-8797-A39B40D64EA4}.Debug|Any CPU.Deploy.0 = Debug|Any CPU
		{956B1B2F-98F4-44E5-8797-A39B40D64EA4}.Debug|ARM.ActiveCfg = Debug|Any CPU
		{956B1B2F-98F4-44E5-8797-A39B40D64EA4}.Debug|ARM.Build.0 = Debug|Any CPU
		{956B1B2F-98F4-44E5-8797-A39B40D64EA4}.Debug|ARM.Deploy.0 = Debug|Any CPU
		{956B1B2F-98F4-44E5-8797-A39B40D64EA4}.Debug|iPhone.ActiveCfg = Debug|Any CPU
		{956B1B2F-98F4-44E5-8797-A39B40D64EA4}.Debug|iPhone.Build.0 = Debug|Any CPU
		{956B1B2F-98F4-44E5-8797-A39B40D64EA4}.Debug|iPhone.Deploy.0 = Debug|Any CPU
		{956B1B2F-98F4-44E5-8797-A39B40D64EA4}.Debug|iPhoneSimulator.ActiveCfg = Debug|Any CPU
		{956B1B2F-98F4-44E5-8797-A39B40D64EA4}.Debug|iPhoneSimulator.Build.0 = Debug|Any CPU
		{956B1B2F-98F4-44E5-8797-A39B40D64EA4}.Debug|iPhoneSimulator.Deploy.0 = Debug|Any CPU
		{956B1B2F-98F4-44E5-8797-A39B40D64EA4}.Debug|x64.ActiveCfg = Debug|Any CPU
		{956B1B2F-98F4-44E5-8797-A39B40D64EA4}.Debug|x64.Build.0 = Debug|Any CPU
		{956B1B2F-98F4-44E5-8797-A39B40D64EA4}.Debug|x64.Deploy.0 = Debug|Any CPU
		{956B1B2F-98F4-44E5-8797-A39B40D64EA4}.Debug|x86.ActiveCfg = Debug|Any CPU
		{956B1B2F-98F4-44E5-8797-A39B40D64EA4}.Debug|x86.Build.0 = Debug|Any CPU
		{956B1B2F-98F4-44E5-8797-A39B40D64EA4}.Debug|x86.Deploy.0 = Debug|Any CPU
		{956B1B2F-98F4-44E5-8797-A39B40D64EA4}.Release|Any CPU.ActiveCfg = Release|Any CPU
		{956B1B2F-98F4-44E5-8797-A39B40D64EA4}.Release|Any CPU.Build.0 = Release|Any CPU
		{956B1B2F-98F4-44E5-8797-A39B40D64EA4}.Release|Any CPU.Deploy.0 = Release|Any CPU
		{956B1B2F-98F4-44E5-8797-A39B40D64EA4}.Release|ARM.ActiveCfg = Release|Any CPU
		{956B1B2F-98F4-44E5-8797-A39B40D64EA4}.Release|ARM.Build.0 = Release|Any CPU
		{956B1B2F-98F4-44E5-8797-A39B40D64EA4}.Release|ARM.Deploy.0 = Release|Any CPU
		{956B1B2F-98F4-44E5-8797-A39B40D64EA4}.Release|iPhone.ActiveCfg = Release|Any CPU
		{956B1B2F-98F4-44E5-8797-A39B40D64EA4}.Release|iPhone.Build.0 = Release|Any CPU
		{956B1B2F-98F4-44E5-8797-A39B40D64EA4}.Release|iPhone.Deploy.0 = Release|Any CPU
		{956B1B2F-98F4-44E5-8797-A39B40D64EA4}.Release|iPhoneSimulator.ActiveCfg = Release|Any CPU
		{956B1B2F-98F4-44E5-8797-A39B40D64EA4}.Release|iPhoneSimulator.Build.0 = Release|Any CPU
		{956B1B2F-98F4-44E5-8797-A39B40D64EA4}.Release|iPhoneSimulator.Deploy.0 = Release|Any CPU
		{956B1B2F-98F4-44E5-8797-A39B40D64EA4}.Release|x64.ActiveCfg = Release|Any CPU
		{956B1B2F-98F4-44E5-8797-A39B40D64EA4}.Release|x64.Build.0 = Release|Any CPU
		{956B1B2F-98F4-44E5-8797-A39B40D64EA4}.Release|x64.Deploy.0 = Release|Any CPU
		{956B1B2F-98F4-44E5-8797-A39B40D64EA4}.Release|x86.ActiveCfg = Release|Any CPU
		{956B1B2F-98F4-44E5-8797-A39B40D64EA4}.Release|x86.Build.0 = Release|Any CPU
		{956B1B2F-98F4-44E5-8797-A39B40D64EA4}.Release|x86.Deploy.0 = Release|Any CPU
		{1E0DB49E-E295-4332-8886-F6BB27458309}.Debug|Any CPU.ActiveCfg = Debug|iPhoneSimulator
		{1E0DB49E-E295-4332-8886-F6BB27458309}.Debug|Any CPU.Build.0 = Debug|iPhoneSimulator
		{1E0DB49E-E295-4332-8886-F6BB27458309}.Debug|Any CPU.Deploy.0 = Debug|iPhoneSimulator
		{1E0DB49E-E295-4332-8886-F6BB27458309}.Debug|ARM.ActiveCfg = Debug|iPhone
		{1E0DB49E-E295-4332-8886-F6BB27458309}.Debug|ARM.Build.0 = Debug|iPhone
		{1E0DB49E-E295-4332-8886-F6BB27458309}.Debug|ARM.Deploy.0 = Debug|iPhone
		{1E0DB49E-E295-4332-8886-F6BB27458309}.Debug|iPhone.ActiveCfg = Debug|iPhone
		{1E0DB49E-E295-4332-8886-F6BB27458309}.Debug|iPhone.Build.0 = Debug|iPhone
		{1E0DB49E-E295-4332-8886-F6BB27458309}.Debug|iPhone.Deploy.0 = Debug|iPhone
		{1E0DB49E-E295-4332-8886-F6BB27458309}.Debug|iPhoneSimulator.ActiveCfg = Debug|iPhoneSimulator
		{1E0DB49E-E295-4332-8886-F6BB27458309}.Debug|iPhoneSimulator.Build.0 = Debug|iPhoneSimulator
		{1E0DB49E-E295-4332-8886-F6BB27458309}.Debug|iPhoneSimulator.Deploy.0 = Debug|iPhoneSimulator
		{1E0DB49E-E295-4332-8886-F6BB27458309}.Debug|x64.ActiveCfg = Debug|iPhoneSimulator
		{1E0DB49E-E295-4332-8886-F6BB27458309}.Debug|x64.Build.0 = Debug|iPhoneSimulator
		{1E0DB49E-E295-4332-8886-F6BB27458309}.Debug|x64.Deploy.0 = Debug|iPhoneSimulator
		{1E0DB49E-E295-4332-8886-F6BB27458309}.Debug|x86.ActiveCfg = Debug|iPhoneSimulator
		{1E0DB49E-E295-4332-8886-F6BB27458309}.Debug|x86.Build.0 = Debug|iPhoneSimulator
		{1E0DB49E-E295-4332-8886-F6BB27458309}.Debug|x86.Deploy.0 = Debug|iPhoneSimulator
		{1E0DB49E-E295-4332-8886-F6BB27458309}.Release|Any CPU.ActiveCfg = Release|iPhoneSimulator
		{1E0DB49E-E295-4332-8886-F6BB27458309}.Release|Any CPU.Build.0 = Release|iPhoneSimulator
		{1E0DB49E-E295-4332-8886-F6BB27458309}.Release|Any CPU.Deploy.0 = Release|iPhoneSimulator
		{1E0DB49E-E295-4332-8886-F6BB27458309}.Release|ARM.ActiveCfg = Release|iPhoneSimulator
		{1E0DB49E-E295-4332-8886-F6BB27458309}.Release|ARM.Build.0 = Release|iPhoneSimulator
		{1E0DB49E-E295-4332-8886-F6BB27458309}.Release|ARM.Deploy.0 = Release|iPhoneSimulator
		{1E0DB49E-E295-4332-8886-F6BB27458309}.Release|iPhone.ActiveCfg = Release|iPhone
		{1E0DB49E-E295-4332-8886-F6BB27458309}.Release|iPhone.Build.0 = Release|iPhone
		{1E0DB49E-E295-4332-8886-F6BB27458309}.Release|iPhone.Deploy.0 = Release|iPhone
		{1E0DB49E-E295-4332-8886-F6BB27458309}.Release|iPhoneSimulator.ActiveCfg = Release|iPhoneSimulator
		{1E0DB49E-E295-4332-8886-F6BB27458309}.Release|iPhoneSimulator.Build.0 = Release|iPhoneSimulator
		{1E0DB49E-E295-4332-8886-F6BB27458309}.Release|iPhoneSimulator.Deploy.0 = Release|iPhoneSimulator
		{1E0DB49E-E295-4332-8886-F6BB27458309}.Release|x64.ActiveCfg = Release|iPhoneSimulator
		{1E0DB49E-E295-4332-8886-F6BB27458309}.Release|x64.Build.0 = Release|iPhoneSimulator
		{1E0DB49E-E295-4332-8886-F6BB27458309}.Release|x64.Deploy.0 = Release|iPhoneSimulator
		{1E0DB49E-E295-4332-8886-F6BB27458309}.Release|x86.ActiveCfg = Release|iPhoneSimulator
		{1E0DB49E-E295-4332-8886-F6BB27458309}.Release|x86.Build.0 = Release|iPhoneSimulator
		{1E0DB49E-E295-4332-8886-F6BB27458309}.Release|x86.Deploy.0 = Release|iPhoneSimulator
		{5C55A4C5-4687-4F6A-8B5B-A1C006598A97}.Debug|Any CPU.ActiveCfg = Debug|Any CPU
		{5C55A4C5-4687-4F6A-8B5B-A1C006598A97}.Debug|Any CPU.Build.0 = Debug|Any CPU
		{5C55A4C5-4687-4F6A-8B5B-A1C006598A97}.Debug|Any CPU.Deploy.0 = Debug|Any CPU
		{5C55A4C5-4687-4F6A-8B5B-A1C006598A97}.Debug|ARM.ActiveCfg = Debug|Any CPU
		{5C55A4C5-4687-4F6A-8B5B-A1C006598A97}.Debug|ARM.Build.0 = Debug|Any CPU
		{5C55A4C5-4687-4F6A-8B5B-A1C006598A97}.Debug|ARM.Deploy.0 = Debug|Any CPU
		{5C55A4C5-4687-4F6A-8B5B-A1C006598A97}.Debug|iPhone.ActiveCfg = Debug|Any CPU
		{5C55A4C5-4687-4F6A-8B5B-A1C006598A97}.Debug|iPhone.Build.0 = Debug|Any CPU
		{5C55A4C5-4687-4F6A-8B5B-A1C006598A97}.Debug|iPhone.Deploy.0 = Debug|Any CPU
		{5C55A4C5-4687-4F6A-8B5B-A1C006598A97}.Debug|iPhoneSimulator.ActiveCfg = Debug|Any CPU
		{5C55A4C5-4687-4F6A-8B5B-A1C006598A97}.Debug|iPhoneSimulator.Build.0 = Debug|Any CPU
		{5C55A4C5-4687-4F6A-8B5B-A1C006598A97}.Debug|iPhoneSimulator.Deploy.0 = Debug|Any CPU
		{5C55A4C5-4687-4F6A-8B5B-A1C006598A97}.Debug|x64.ActiveCfg = Debug|Any CPU
		{5C55A4C5-4687-4F6A-8B5B-A1C006598A97}.Debug|x64.Build.0 = Debug|Any CPU
		{5C55A4C5-4687-4F6A-8B5B-A1C006598A97}.Debug|x64.Deploy.0 = Debug|Any CPU
		{5C55A4C5-4687-4F6A-8B5B-A1C006598A97}.Debug|x86.ActiveCfg = Debug|Any CPU
		{5C55A4C5-4687-4F6A-8B5B-A1C006598A97}.Debug|x86.Build.0 = Debug|Any CPU
		{5C55A4C5-4687-4F6A-8B5B-A1C006598A97}.Debug|x86.Deploy.0 = Debug|Any CPU
		{5C55A4C5-4687-4F6A-8B5B-A1C006598A97}.Release|Any CPU.ActiveCfg = Release|Any CPU
		{5C55A4C5-4687-4F6A-8B5B-A1C006598A97}.Release|Any CPU.Build.0 = Release|Any CPU
		{5C55A4C5-4687-4F6A-8B5B-A1C006598A97}.Release|Any CPU.Deploy.0 = Release|Any CPU
		{5C55A4C5-4687-4F6A-8B5B-A1C006598A97}.Release|ARM.ActiveCfg = Release|Any CPU
		{5C55A4C5-4687-4F6A-8B5B-A1C006598A97}.Release|ARM.Build.0 = Release|Any CPU
		{5C55A4C5-4687-4F6A-8B5B-A1C006598A97}.Release|ARM.Deploy.0 = Release|Any CPU
		{5C55A4C5-4687-4F6A-8B5B-A1C006598A97}.Release|iPhone.ActiveCfg = Release|Any CPU
		{5C55A4C5-4687-4F6A-8B5B-A1C006598A97}.Release|iPhone.Build.0 = Release|Any CPU
		{5C55A4C5-4687-4F6A-8B5B-A1C006598A97}.Release|iPhone.Deploy.0 = Release|Any CPU
		{5C55A4C5-4687-4F6A-8B5B-A1C006598A97}.Release|iPhoneSimulator.ActiveCfg = Release|Any CPU
		{5C55A4C5-4687-4F6A-8B5B-A1C006598A97}.Release|iPhoneSimulator.Build.0 = Release|Any CPU
		{5C55A4C5-4687-4F6A-8B5B-A1C006598A97}.Release|iPhoneSimulator.Deploy.0 = Release|Any CPU
		{5C55A4C5-4687-4F6A-8B5B-A1C006598A97}.Release|x64.ActiveCfg = Release|Any CPU
		{5C55A4C5-4687-4F6A-8B5B-A1C006598A97}.Release|x64.Build.0 = Release|Any CPU
		{5C55A4C5-4687-4F6A-8B5B-A1C006598A97}.Release|x64.Deploy.0 = Release|Any CPU
		{5C55A4C5-4687-4F6A-8B5B-A1C006598A97}.Release|x86.ActiveCfg = Release|Any CPU
		{5C55A4C5-4687-4F6A-8B5B-A1C006598A97}.Release|x86.Build.0 = Release|Any CPU
		{5C55A4C5-4687-4F6A-8B5B-A1C006598A97}.Release|x86.Deploy.0 = Release|Any CPU
	EndGlobalSection
	GlobalSection(SolutionProperties) = preSolution
		HideSolutionNode = FALSE
	EndGlobalSection
	GlobalSection(ExtensibilityGlobals) = postSolution
		SolutionGuid = {5E0C57DB-2887-449A-862B-70829AF7250B}
	EndGlobalSection
EndGlobal
